
Microsoft Visual Studio Solution File, Format Version 12.00
Project("{FAE04EC0-301F-11D3-BF4B-00C04F79EFBC}") = "DrWebLinkFinder", "DrWebLinkFinder\DrWebLinkFinder.csproj", "{F3859FF5-9D00-4383-88BA-47FE443D8BBF}"
EndProject
Global
	GlobalSection(SolutionConfigurationPlatforms) = preSolution
		Debug|Any CPU = Debug|Any CPU
		Release|Any CPU = Release|Any CPU
	EndGlobalSection
	GlobalSection(ProjectConfigurationPlatforms) = postSolution
		{F3859FF5-9D00-4383-88BA-47FE443D8BBF}.Debug|Any CPU.ActiveCfg = Debug|Any CPU
		{F3859FF5-9D00-4383-88BA-47FE443D8BBF}.Debug|Any CPU.Build.0 = Debug|Any CPU
		{F3859FF5-9D00-4383-88BA-47FE443D8BBF}.Release|Any CPU.ActiveCfg = Release|Any CPU
		{F3859FF5-9D00-4383-88BA-47FE443D8BBF}.Release|Any CPU.Build.0 = Release|Any CPU
	EndGlobalSection
EndGlobal
